
Microsoft Visual Studio Solution File, Format Version 12.00
# Visual Studio Version 17
VisualStudioVersion = 17.12.35521.163
MinimumVisualStudioVersion = 10.0.40219.1
Project("{2150E333-8FDC-42A3-9474-1A3956D46DE8}") = "src", "src", "{2FF4AA62-1ECE-4123-A80D-929ACEA571FE}"
EndProject
Project("{2150E333-8FDC-42A3-9474-1A3956D46DE8}") = "Services", "Services", "{975441D8-97A0-448B-B8BD-7D49D0211DCE}"
EndProject
Project("{2150E333-8FDC-42A3-9474-1A3956D46DE8}") = "Identity", "Identity", "{129408D6-E648-4D16-AA17-8C67AE7CDD8E}"
EndProject
Project("{2150E333-8FDC-42A3-9474-1A3956D46DE8}") = "ShortLinks", "ShortLinks", "{520E620A-7349-4B85-8C71-2A66614E8F9D}"
EndProject
Project("{2150E333-8FDC-42A3-9474-1A3956D46DE8}") = "Analytics", "Analytics", "{2A7E085E-64EE-42BF-9D0E-66BCD5A7C696}"
EndProject
Project("{FAE04EC0-301F-11D3-BF4B-00C04F79EFBC}") = "LinkLab.Identity.Api", "LinkLab.Identity.Api\LinkLab.Identity.Api.csproj", "{E59CF0EF-5F8B-45C3-AD1C-FFA2B0E3D3D1}"
EndProject
Project("{FAE04EC0-301F-11D3-BF4B-00C04F79EFBC}") = "LinkLab.ShortLinks.Api", "LinkLab.ShortLinks.Api\LinkLab.ShortLinks.Api.csproj", "{7ECE9B92-848A-44AC-8409-C605214C4019}"
EndProject
Project("{FAE04EC0-301F-11D3-BF4B-00C04F79EFBC}") = "LinkLab.Analytics.Api", "LinkLab.Analytics.Api\LinkLab.Analytics.Api.csproj", "{2600B2F8-88D1-42AB-9785-F099335D761A}"
EndProject
Project("{2150E333-8FDC-42A3-9474-1A3956D46DE8}") = "GateWay", "GateWay", "{0C22165B-9125-4B1D-AA0E-0386E26725B3}"
EndProject
Project("{FAE04EC0-301F-11D3-BF4B-00C04F79EFBC}") = "LinkLab.Gateway", "LinkLab.Gateway\LinkLab.Gateway.csproj", "{1515066C-5A84-4AC3-888E-E0E69111148A}"
EndProject
Project("{2150E333-8FDC-42A3-9474-1A3956D46DE8}") = "BuildingBlocks", "BuildingBlocks", "{F5811E65-28AA-4789-AAE2-46B4949C53E6}"
EndProject
Project("{FAE04EC0-301F-11D3-BF4B-00C04F79EFBC}") = "LinkLab.ServiceDefaults", "LinkLab.ServiceDefaults\LinkLab.ServiceDefaults.csproj", "{89448522-9ECC-4CDD-96D4-31080976DF30}"
EndProject
Project("{FAE04EC0-301F-11D3-BF4B-00C04F79EFBC}") = "LinkLab.Idempotency", "LinkLab.BuildingBlocks.Idempotency\LinkLab.Idempotency.csproj", "{C5ED0EC5-BC5C-419F-8528-E0FC8D25DF06}"
EndProject
Project("{FAE04EC0-301F-11D3-BF4B-00C04F79EFBC}") = "LinkLab.BuildingBlocks.Core", "LinkLab.BuildingBlocks.Core\LinkLab.BuildingBlocks.Core.csproj", "{C13ED05C-F7D0-4C33-9D1C-91722DAEE20F}"
EndProject
Global
	GlobalSection(SolutionConfigurationPlatforms) = preSolution
		Debug|Any CPU = Debug|Any CPU
		Release|Any CPU = Release|Any CPU
	EndGlobalSection
	GlobalSection(ProjectConfigurationPlatforms) = postSolution
		{E59CF0EF-5F8B-45C3-AD1C-FFA2B0E3D3D1}.Debug|Any CPU.ActiveCfg = Debug|Any CPU
		{E59CF0EF-5F8B-45C3-AD1C-FFA2B0E3D3D1}.Debug|Any CPU.Build.0 = Debug|Any CPU
		{E59CF0EF-5F8B-45C3-AD1C-FFA2B0E3D3D1}.Release|Any CPU.ActiveCfg = Release|Any CPU
		{E59CF0EF-5F8B-45C3-AD1C-FFA2B0E3D3D1}.Release|Any CPU.Build.0 = Release|Any CPU
		{7ECE9B92-848A-44AC-8409-C605214C4019}.Debug|Any CPU.ActiveCfg = Debug|Any CPU
		{7ECE9B92-848A-44AC-8409-C605214C4019}.Debug|Any CPU.Build.0 = Debug|Any CPU
		{7ECE9B92-848A-44AC-8409-C605214C4019}.Release|Any CPU.ActiveCfg = Release|Any CPU
		{7ECE9B92-848A-44AC-8409-C605214C4019}.Release|Any CPU.Build.0 = Release|Any CPU
		{2600B2F8-88D1-42AB-9785-F099335D761A}.Debug|Any CPU.ActiveCfg = Debug|Any CPU
		{2600B2F8-88D1-42AB-9785-F099335D761A}.Debug|Any CPU.Build.0 = Debug|Any CPU
		{2600B2F8-88D1-42AB-9785-F099335D761A}.Release|Any CPU.ActiveCfg = Release|Any CPU
		{2600B2F8-88D1-42AB-9785-F099335D761A}.Release|Any CPU.Build.0 = Release|Any CPU
		{1515066C-5A84-4AC3-888E-E0E69111148A}.Debug|Any CPU.ActiveCfg = Debug|Any CPU
		{1515066C-5A84-4AC3-888E-E0E69111148A}.Debug|Any CPU.Build.0 = Debug|Any CPU
		{1515066C-5A84-4AC3-888E-E0E69111148A}.Release|Any CPU.ActiveCfg = Release|Any CPU
		{1515066C-5A84-4AC3-888E-E0E69111148A}.Release|Any CPU.Build.0 = Release|Any CPU
		{89448522-9ECC-4CDD-96D4-31080976DF30}.Debug|Any CPU.ActiveCfg = Debug|Any CPU
		{89448522-9ECC-4CDD-96D4-31080976DF30}.Debug|Any CPU.Build.0 = Debug|Any CPU
		{89448522-9ECC-4CDD-96D4-31080976DF30}.Release|Any CPU.ActiveCfg = Release|Any CPU
		{89448522-9ECC-4CDD-96D4-31080976DF30}.Release|Any CPU.Build.0 = Release|Any CPU
		{C5ED0EC5-BC5C-419F-8528-E0FC8D25DF06}.Debug|Any CPU.ActiveCfg = Debug|Any CPU
		{C5ED0EC5-BC5C-419F-8528-E0FC8D25DF06}.Debug|Any CPU.Build.0 = Debug|Any CPU
		{C5ED0EC5-BC5C-419F-8528-E0FC8D25DF06}.Release|Any CPU.ActiveCfg = Release|Any CPU
		{C5ED0EC5-BC5C-419F-8528-E0FC8D25DF06}.Release|Any CPU.Build.0 = Release|Any CPU
		{C13ED05C-F7D0-4C33-9D1C-91722DAEE20F}.Debug|Any CPU.ActiveCfg = Debug|Any CPU
		{C13ED05C-F7D0-4C33-9D1C-91722DAEE20F}.Debug|Any CPU.Build.0 = Debug|Any CPU
		{C13ED05C-F7D0-4C33-9D1C-91722DAEE20F}.Release|Any CPU.ActiveCfg = Release|Any CPU
		{C13ED05C-F7D0-4C33-9D1C-91722DAEE20F}.Release|Any CPU.Build.0 = Release|Any CPU
	EndGlobalSection
	GlobalSection(SolutionProperties) = preSolution
		HideSolutionNode = FALSE
	EndGlobalSection
	GlobalSection(NestedProjects) = preSolution
		{975441D8-97A0-448B-B8BD-7D49D0211DCE} = {2FF4AA62-1ECE-4123-A80D-929ACEA571FE}
		{129408D6-E648-4D16-AA17-8C67AE7CDD8E} = {975441D8-97A0-448B-B8BD-7D49D0211DCE}
		{520E620A-7349-4B85-8C71-2A66614E8F9D} = {975441D8-97A0-448B-B8BD-7D49D0211DCE}
		{2A7E085E-64EE-42BF-9D0E-66BCD5A7C696} = {975441D8-97A0-448B-B8BD-7D49D0211DCE}
		{E59CF0EF-5F8B-45C3-AD1C-FFA2B0E3D3D1} = {129408D6-E648-4D16-AA17-8C67AE7CDD8E}
		{7ECE9B92-848A-44AC-8409-C605214C4019} = {520E620A-7349-4B85-8C71-2A66614E8F9D}
		{2600B2F8-88D1-42AB-9785-F099335D761A} = {2A7E085E-64EE-42BF-9D0E-66BCD5A7C696}
		{0C22165B-9125-4B1D-AA0E-0386E26725B3} = {2FF4AA62-1ECE-4123-A80D-929ACEA571FE}
		{1515066C-5A84-4AC3-888E-E0E69111148A} = {0C22165B-9125-4B1D-AA0E-0386E26725B3}
		{F5811E65-28AA-4789-AAE2-46B4949C53E6} = {2FF4AA62-1ECE-4123-A80D-929ACEA571FE}
		{89448522-9ECC-4CDD-96D4-31080976DF30} = {F5811E65-28AA-4789-AAE2-46B4949C53E6}
		{C5ED0EC5-BC5C-419F-8528-E0FC8D25DF06} = {F5811E65-28AA-4789-AAE2-46B4949C53E6}
		{C13ED05C-F7D0-4C33-9D1C-91722DAEE20F} = {F5811E65-28AA-4789-AAE2-46B4949C53E6}
	EndGlobalSection
EndGlobal
